
Microsoft Visual Studio Solution File, Format Version 12.00
# Visual Studio 15
VisualStudioVersion = 15.0.28307.572
MinimumVisualStudioVersion = 10.0.40219.1
Project("{FAE04EC0-301F-11D3-BF4B-00C04F79EFBC}") = "HRM", "HRM\HRM.csproj", "{5236017D-012A-4D0B-AB11-2B5B905B419C}"
EndProject
Project("{FAE04EC0-301F-11D3-BF4B-00C04F79EFBC}") = "HRM_API", "HRM_API\HRM_API.csproj", "{6E2FDBC2-A293-4FE2-B070-0B1EF1965ECD}"
EndProject
Project("{FAE04EC0-301F-11D3-BF4B-00C04F79EFBC}") = "CoreLib", "CoreLib\CoreLib.csproj", "{2E147108-BC88-4861-ABB5-7A4B8983ADFF}"
EndProject
Project("{FAE04EC0-301F-11D3-BF4B-00C04F79EFBC}") = "DatabaseDAL", "DatabaseDAL\DatabaseDAL.csproj", "{197966C5-77AA-43E8-B72E-118EF11A22F0}"
EndProject
Global
	GlobalSection(SolutionConfigurationPlatforms) = preSolution
		Debug|Any CPU = Debug|Any CPU
		Release|Any CPU = Release|Any CPU
	EndGlobalSection
	GlobalSection(ProjectConfigurationPlatforms) = postSolution
		{5236017D-012A-4D0B-AB11-2B5B905B419C}.Debug|Any CPU.ActiveCfg = Debug|Any CPU
		{5236017D-012A-4D0B-AB11-2B5B905B419C}.Debug|Any CPU.Build.0 = Debug|Any CPU
		{5236017D-012A-4D0B-AB11-2B5B905B419C}.Release|Any CPU.ActiveCfg = Release|Any CPU
		{5236017D-012A-4D0B-AB11-2B5B905B419C}.Release|Any CPU.Build.0 = Release|Any CPU
		{6E2FDBC2-A293-4FE2-B070-0B1EF1965ECD}.Debug|Any CPU.ActiveCfg = Debug|Any CPU
		{6E2FDBC2-A293-4FE2-B070-0B1EF1965ECD}.Debug|Any CPU.Build.0 = Debug|Any CPU
		{6E2FDBC2-A293-4FE2-B070-0B1EF1965ECD}.Release|Any CPU.ActiveCfg = Release|Any CPU
		{6E2FDBC2-A293-4FE2-B070-0B1EF1965ECD}.Release|Any CPU.Build.0 = Release|Any CPU
		{2E147108-BC88-4861-ABB5-7A4B8983ADFF}.Debug|Any CPU.ActiveCfg = Debug|Any CPU
		{2E147108-BC88-4861-ABB5-7A4B8983ADFF}.Debug|Any CPU.Build.0 = Debug|Any CPU
		{2E147108-BC88-4861-ABB5-7A4B8983ADFF}.Release|Any CPU.ActiveCfg = Release|Any CPU
		{2E147108-BC88-4861-ABB5-7A4B8983ADFF}.Release|Any CPU.Build.0 = Release|Any CPU
		{197966C5-77AA-43E8-B72E-118EF11A22F0}.Debug|Any CPU.ActiveCfg = Debug|Any CPU
		{197966C5-77AA-43E8-B72E-118EF11A22F0}.Debug|Any CPU.Build.0 = Debug|Any CPU
		{197966C5-77AA-43E8-B72E-118EF11A22F0}.Release|Any CPU.ActiveCfg = Release|Any CPU
		{197966C5-77AA-43E8-B72E-118EF11A22F0}.Release|Any CPU.Build.0 = Release|Any CPU
	EndGlobalSection
	GlobalSection(SolutionProperties) = preSolution
		HideSolutionNode = FALSE
	EndGlobalSection
	GlobalSection(ExtensibilityGlobals) = postSolution
		SolutionGuid = {95DCE479-F777-451E-989C-9498A451647C}
	EndGlobalSection
EndGlobal
